Microsoft Visual Studio Solution File, Format Version 12.00
# Visual Studio Version 17
VisualStudioVersion = 17.5.2.0
MinimumVisualStudioVersion = 10.0.40219.1
Project("{FAE04EC0-301F-11D3-BF4B-00C04F79EFBC}") = "OPTIC", "OPTIC\OPTIC.csproj", "{13FB76BC-9B6B-4AE3-2AF9-85DDEF650D4B}"
EndProject
Global
	GlobalSection(SolutionConfigurationPlatforms) = preSolution
		Debug|Any CPU = Debug|Any CPU
		Release|Any CPU = Release|Any CPU
	EndGlobalSection
	GlobalSection(ProjectConfigurationPlatforms) = postSolution
		{13FB76BC-9B6B-4AE3-2AF9-85DDEF650D4B}.Debug|Any CPU.ActiveCfg = Debug|Any CPU
		{13FB76BC-9B6B-4AE3-2AF9-85DDEF650D4B}.Debug|Any CPU.Build.0 = Debug|Any CPU
		{13FB76BC-9B6B-4AE3-2AF9-85DDEF650D4B}.Release|Any CPU.ActiveCfg = Release|Any CPU
		{13FB76BC-9B6B-4AE3-2AF9-85DDEF650D4B}.Release|Any CPU.Build.0 = Release|Any CPU
	EndGlobalSection
	GlobalSection(SolutionProperties) = preSolution
		HideSolutionNode = FALSE
	EndGlobalSection
	GlobalSection(ExtensibilityGlobals) = postSolution
		SolutionGuid = {79F5ACB0-B462-4670-A59A-6A4A33F56C8A}
	EndGlobalSection
EndGlobal
